
Microsoft Visual Studio Solution File, Format Version 12.00
# Visual Studio Version 17
VisualStudioVersion = 17.2.32616.157
MinimumVisualStudioVersion = 10.0.40219.1
Project("{FAE04EC0-301F-11D3-BF4B-00C04F79EFBC}") = "ATM.API", "ATM.API\ATM.API.csproj", "{66BB4C2A-E3AE-475C-A02B-6B363813A263}"
EndProject
Project("{FAE04EC0-301F-11D3-BF4B-00C04F79EFBC}") = "ATM.BLL", "..\ATM.BLL\ATM.BLL.csproj", "{1B9913E3-5DD2-4C75-89FE-CB3DACA602E4}"
EndProject
Project("{FAE04EC0-301F-11D3-BF4B-00C04F79EFBC}") = "ATM.DAL", "..\ATM.DAL\ATM.DAL.csproj", "{69BF0E11-7FBD-4AE1-B48F-E99AE17A458C}"
EndProject
Global
	GlobalSection(SolutionConfigurationPlatforms) = preSolution
		Debug|Any CPU = Debug|Any CPU
		Release|Any CPU = Release|Any CPU
	EndGlobalSection
	GlobalSection(ProjectConfigurationPlatforms) = postSolution
		{66BB4C2A-E3AE-475C-A02B-6B363813A263}.Debug|Any CPU.ActiveCfg = Debug|Any CPU
		{66BB4C2A-E3AE-475C-A02B-6B363813A263}.Debug|Any CPU.Build.0 = Debug|Any CPU
		{66BB4C2A-E3AE-475C-A02B-6B363813A263}.Release|Any CPU.ActiveCfg = Release|Any CPU
		{66BB4C2A-E3AE-475C-A02B-6B363813A263}.Release|Any CPU.Build.0 = Release|Any CPU
		{1B9913E3-5DD2-4C75-89FE-CB3DACA602E4}.Debug|Any CPU.ActiveCfg = Debug|Any CPU
		{1B9913E3-5DD2-4C75-89FE-CB3DACA602E4}.Debug|Any CPU.Build.0 = Debug|Any CPU
		{1B9913E3-5DD2-4C75-89FE-CB3DACA602E4}.Release|Any CPU.ActiveCfg = Release|Any CPU
		{1B9913E3-5DD2-4C75-89FE-CB3DACA602E4}.Release|Any CPU.Build.0 = Release|Any CPU
		{69BF0E11-7FBD-4AE1-B48F-E99AE17A458C}.Debug|Any CPU.ActiveCfg = Debug|Any CPU
		{69BF0E11-7FBD-4AE1-B48F-E99AE17A458C}.Debug|Any CPU.Build.0 = Debug|Any CPU
		{69BF0E11-7FBD-4AE1-B48F-E99AE17A458C}.Release|Any CPU.ActiveCfg = Release|Any CPU
		{69BF0E11-7FBD-4AE1-B48F-E99AE17A458C}.Release|Any CPU.Build.0 = Release|Any CPU
	EndGlobalSection
	GlobalSection(SolutionProperties) = preSolution
		HideSolutionNode = FALSE
	EndGlobalSection
	GlobalSection(ExtensibilityGlobals) = postSolution
		SolutionGuid = {A0EFC1AD-94EC-4CE1-869A-AF61CE1E1C4F}
	EndGlobalSection
EndGlobal
